
Microsoft Visual Studio Solution File, Format Version 12.00
# Visual Studio Version 17
VisualStudioVersion = 17.3.32929.385
MinimumVisualStudioVersion = 10.0.40219.1
Project("{2150E333-8FDC-42A3-9474-1A3956D46DE8}") = "Presentation", "Presentation", "{C5C80EBA-6F84-4424-8BF1-C9520CB17DFB}"
EndProject
Project("{2150E333-8FDC-42A3-9474-1A3956D46DE8}") = "Core", "Core", "{15A67AA3-A64C-44E2-94C2-89BD31A37887}"
EndProject
Project("{9A19103F-16F7-4668-BE54-9A1E7A4F7556}") = "AggregationApp.Application", "src\AggregationApp.Application\AggregationApp.Application.csproj", "{73284691-BCCF-45D4-BA82-BB6678E04913}"
EndProject
Project("{9A19103F-16F7-4668-BE54-9A1E7A4F7556}") = "AggregationApp.API", "src\AggregationApp.API\AggregationApp.API.csproj", "{8A725DDB-1929-47BD-AF2C-613C01045F4D}"
EndProject
Project("{9A19103F-16F7-4668-BE54-9A1E7A4F7556}") = "AggregationApp.Domain", "src\AggregationApp.Domain\AggregationApp.Domain.csproj", "{6D809087-6AC6-4582-B518-E14E2B3CC064}"
EndProject
Project("{2150E333-8FDC-42A3-9474-1A3956D46DE8}") = "Infrastructure", "Infrastructure", "{92FA7F22-1584-4118-AD24-8B94AD02E972}"
EndProject
Project("{9A19103F-16F7-4668-BE54-9A1E7A4F7556}") = "AggregationApp.Infrastructure", "src\AggregationApp.Infrastructure\AggregationApp.Infrastructure.csproj", "{4F62CDED-DA09-4605-9378-D821FF5E6310}"
EndProject
Project("{9A19103F-16F7-4668-BE54-9A1E7A4F7556}") = "AggregationApp.Persistence", "src\AggregationApp.Persistence\AggregationApp.Persistence.csproj", "{44123C56-4495-4E24-AE4B-4BED8F85AAB8}"
EndProject
Project("{2150E333-8FDC-42A3-9474-1A3956D46DE8}") = "Tests", "Tests", "{24CA2DC3-A5A2-4DFC-9538-2A586A3FC1CE}"
EndProject
Project("{9A19103F-16F7-4668-BE54-9A1E7A4F7556}") = "AggregationApp.Application.Tests", "src\AggregationApp.Application.Tests\AggregationApp.Application.Tests.csproj", "{914D2B61-1CC0-4115-90C9-55ACB368C7BB}"
EndProject
Project("{9A19103F-16F7-4668-BE54-9A1E7A4F7556}") = "AggregationApp.Infrastructure.Test", "src\AggregationApp.Infrastructure.Test\AggregationApp.Infrastructure.Test.csproj", "{96CE3C39-D126-4BB5-B1C4-F7567A401B44}"
EndProject
Project("{E53339B2-1760-4266-BCC7-CA923CBCF16C}") = "docker-compose", "docker-compose.dcproj", "{592176E1-963A-4CA5-A084-728FF70CA6AD}"
EndProject
Global
	GlobalSection(SolutionConfigurationPlatforms) = preSolution
		Debug|Any CPU = Debug|Any CPU
		Debug|ARM = Debug|ARM
		Debug|ARM64 = Debug|ARM64
		Debug|x64 = Debug|x64
		Debug|x86 = Debug|x86
		Release|Any CPU = Release|Any CPU
		Release|ARM = Release|ARM
		Release|ARM64 = Release|ARM64
		Release|x64 = Release|x64
		Release|x86 = Release|x86
	EndGlobalSection
	GlobalSection(ProjectConfigurationPlatforms) = postSolution
		{73284691-BCCF-45D4-BA82-BB6678E04913}.Debug|Any CPU.ActiveCfg = Debug|Any CPU
		{73284691-BCCF-45D4-BA82-BB6678E04913}.Debug|Any CPU.Build.0 = Debug|Any CPU
		{73284691-BCCF-45D4-BA82-BB6678E04913}.Debug|ARM.ActiveCfg = Debug|Any CPU
		{73284691-BCCF-45D4-BA82-BB6678E04913}.Debug|ARM.Build.0 = Debug|Any CPU
		{73284691-BCCF-45D4-BA82-BB6678E04913}.Debug|ARM64.ActiveCfg = Debug|Any CPU
		{73284691-BCCF-45D4-BA82-BB6678E04913}.Debug|ARM64.Build.0 = Debug|Any CPU
		{73284691-BCCF-45D4-BA82-BB6678E04913}.Debug|x64.ActiveCfg = Debug|Any CPU
		{73284691-BCCF-45D4-BA82-BB6678E04913}.Debug|x64.Build.0 = Debug|Any CPU
		{73284691-BCCF-45D4-BA82-BB6678E04913}.Debug|x86.ActiveCfg = Debug|Any CPU
		{73284691-BCCF-45D4-BA82-BB6678E04913}.Debug|x86.Build.0 = Debug|Any CPU
		{73284691-BCCF-45D4-BA82-BB6678E04913}.Release|Any CPU.ActiveCfg = Release|Any CPU
		{73284691-BCCF-45D4-BA82-BB6678E04913}.Release|Any CPU.Build.0 = Release|Any CPU
		{73284691-BCCF-45D4-BA82-BB6678E04913}.Release|ARM.ActiveCfg = Release|Any CPU
		{73284691-BCCF-45D4-BA82-BB6678E04913}.Release|ARM.Build.0 = Release|Any CPU
		{73284691-BCCF-45D4-BA82-BB6678E04913}.Release|ARM64.ActiveCfg = Release|Any CPU
		{73284691-BCCF-45D4-BA82-BB6678E04913}.Release|ARM64.Build.0 = Release|Any CPU
		{73284691-BCCF-45D4-BA82-BB6678E04913}.Release|x64.ActiveCfg = Release|Any CPU
		{73284691-BCCF-45D4-BA82-BB6678E04913}.Release|x64.Build.0 = Release|Any CPU
		{73284691-BCCF-45D4-BA82-BB6678E04913}.Release|x86.ActiveCfg = Release|Any CPU
		{73284691-BCCF-45D4-BA82-BB6678E04913}.Release|x86.Build.0 = Release|Any CPU
		{8A725DDB-1929-47BD-AF2C-613C01045F4D}.Debug|Any CPU.ActiveCfg = Debug|Any CPU
		{8A725DDB-1929-47BD-AF2C-613C01045F4D}.Debug|Any CPU.Build.0 = Debug|Any CPU
		{8A725DDB-1929-47BD-AF2C-613C01045F4D}.Debug|ARM.ActiveCfg = Debug|Any CPU
		{8A725DDB-1929-47BD-AF2C-613C01045F4D}.Debug|ARM.Build.0 = Debug|Any CPU
		{8A725DDB-1929-47BD-AF2C-613C01045F4D}.Debug|ARM64.ActiveCfg = Debug|Any CPU
		{8A725DDB-1929-47BD-AF2C-613C01045F4D}.Debug|ARM64.Build.0 = Debug|Any CPU
		{8A725DDB-1929-47BD-AF2C-613C01045F4D}.Debug|x64.ActiveCfg = Debug|Any CPU
		{8A725DDB-1929-47BD-AF2C-613C01045F4D}.Debug|x64.Build.0 = Debug|Any CPU
		{8A725DDB-1929-47BD-AF2C-613C01045F4D}.Debug|x86.ActiveCfg = Debug|Any CPU
		{8A725DDB-1929-47BD-AF2C-613C01045F4D}.Debug|x86.Build.0 = Debug|Any CPU
		{8A725DDB-1929-47BD-AF2C-613C01045F4D}.Release|Any CPU.ActiveCfg = Release|Any CPU
		{8A725DDB-1929-47BD-AF2C-613C01045F4D}.Release|Any CPU.Build.0 = Release|Any CPU
		{8A725DDB-1929-47BD-AF2C-613C01045F4D}.Release|ARM.ActiveCfg = Release|Any CPU
		{8A725DDB-1929-47BD-AF2C-613C01045F4D}.Release|ARM.Build.0 = Release|Any CPU
		{8A725DDB-1929-47BD-AF2C-613C01045F4D}.Release|ARM64.ActiveCfg = Release|Any CPU
		{8A725DDB-1929-47BD-AF2C-613C01045F4D}.Release|ARM64.Build.0 = Release|Any CPU
		{8A725DDB-1929-47BD-AF2C-613C01045F4D}.Release|x64.ActiveCfg = Release|Any CPU
		{8A725DDB-1929-47BD-AF2C-613C01045F4D}.Release|x64.Build.0 = Release|Any CPU
		{8A725DDB-1929-47BD-AF2C-613C01045F4D}.Release|x86.ActiveCfg = Release|Any CPU
		{8A725DDB-1929-47BD-AF2C-613C01045F4D}.Release|x86.Build.0 = Release|Any CPU
		{6D809087-6AC6-4582-B518-E14E2B3CC064}.Debug|Any CPU.ActiveCfg = Debug|Any CPU
		{6D809087-6AC6-4582-B518-E14E2B3CC064}.Debug|Any CPU.Build.0 = Debug|Any CPU
		{6D809087-6AC6-4582-B518-E14E2B3CC064}.Debug|ARM.ActiveCfg = Debug|Any CPU
		{6D809087-6AC6-4582-B518-E14E2B3CC064}.Debug|ARM.Build.0 = Debug|Any CPU
		{6D809087-6AC6-4582-B518-E14E2B3CC064}.Debug|ARM64.ActiveCfg = Debug|Any CPU
		{6D809087-6AC6-4582-B518-E14E2B3CC064}.Debug|ARM64.Build.0 = Debug|Any CPU
		{6D809087-6AC6-4582-B518-E14E2B3CC064}.Debug|x64.ActiveCfg = Debug|Any CPU
		{6D809087-6AC6-4582-B518-E14E2B3CC064}.Debug|x64.Build.0 = Debug|Any CPU
		{6D809087-6AC6-4582-B518-E14E2B3CC064}.Debug|x86.ActiveCfg = Debug|Any CPU
		{6D809087-6AC6-4582-B518-E14E2B3CC064}.Debug|x86.Build.0 = Debug|Any CPU
		{6D809087-6AC6-4582-B518-E14E2B3CC064}.Release|Any CPU.ActiveCfg = Release|Any CPU
		{6D809087-6AC6-4582-B518-E14E2B3CC064}.Release|Any CPU.Build.0 = Release|Any CPU
		{6D809087-6AC6-4582-B518-E14E2B3CC064}.Release|ARM.ActiveCfg = Release|Any CPU
		{6D809087-6AC6-4582-B518-E14E2B3CC064}.Release|ARM.Build.0 = Release|Any CPU
		{6D809087-6AC6-4582-B518-E14E2B3CC064}.Release|ARM64.ActiveCfg = Release|Any CPU
		{6D809087-6AC6-4582-B518-E14E2B3CC064}.Release|ARM64.Build.0 = Release|Any CPU
		{6D809087-6AC6-4582-B518-E14E2B3CC064}.Release|x64.ActiveCfg = Release|Any CPU
		{6D809087-6AC6-4582-B518-E14E2B3CC064}.Release|x64.Build.0 = Release|Any CPU
		{6D809087-6AC6-4582-B518-E14E2B3CC064}.Release|x86.ActiveCfg = Release|Any CPU
		{6D809087-6AC6-4582-B518-E14E2B3CC064}.Release|x86.Build.0 = Release|Any CPU
		{4F62CDED-DA09-4605-9378-D821FF5E6310}.Debug|Any CPU.ActiveCfg = Debug|Any CPU
		{4F62CDED-DA09-4605-9378-D821FF5E6310}.Debug|Any CPU.Build.0 = Debug|Any CPU
		{4F62CDED-DA09-4605-9378-D821FF5E6310}.Debug|ARM.ActiveCfg = Debug|Any CPU
		{4F62CDED-DA09-4605-9378-D821FF5E6310}.Debug|ARM.Build.0 = Debug|Any CPU
		{4F62CDED-DA09-4605-9378-D821FF5E6310}.Debug|ARM64.ActiveCfg = Debug|Any CPU
		{4F62CDED-DA09-4605-9378-D821FF5E6310}.Debug|ARM64.Build.0 = Debug|Any CPU
		{4F62CDED-DA09-4605-9378-D821FF5E6310}.Debug|x64.ActiveCfg = Debug|Any CPU
		{4F62CDED-DA09-4605-9378-D821FF5E6310}.Debug|x64.Build.0 = Debug|Any CPU
		{4F62CDED-DA09-4605-9378-D821FF5E6310}.Debug|x86.ActiveCfg = Debug|Any CPU
		{4F62CDED-DA09-4605-9378-D821FF5E6310}.Debug|x86.Build.0 = Debug|Any CPU
		{4F62CDED-DA09-4605-9378-D821FF5E6310}.Release|Any CPU.ActiveCfg = Release|Any CPU
		{4F62CDED-DA09-4605-9378-D821FF5E6310}.Release|Any CPU.Build.0 = Release|Any CPU
		{4F62CDED-DA09-4605-9378-D821FF5E6310}.Release|ARM.ActiveCfg = Release|Any CPU
		{4F62CDED-DA09-4605-9378-D821FF5E6310}.Release|ARM.Build.0 = Release|Any CPU
		{4F62CDED-DA09-4605-9378-D821FF5E6310}.Release|ARM64.ActiveCfg = Release|Any CPU
		{4F62CDED-DA09-4605-9378-D821FF5E6310}.Release|ARM64.Build.0 = Release|Any CPU
		{4F62CDED-DA09-4605-9378-D821FF5E6310}.Release|x64.ActiveCfg = Release|Any CPU
		{4F62CDED-DA09-4605-9378-D821FF5E6310}.Release|x64.Build.0 = Release|Any CPU
		{4F62CDED-DA09-4605-9378-D821FF5E6310}.Release|x86.ActiveCfg = Release|Any CPU
		{4F62CDED-DA09-4605-9378-D821FF5E6310}.Release|x86.Build.0 = Release|Any CPU
		{44123C56-4495-4E24-AE4B-4BED8F85AAB8}.Debug|Any CPU.ActiveCfg = Debug|Any CPU
		{44123C56-4495-4E24-AE4B-4BED8F85AAB8}.Debug|Any CPU.Build.0 = Debug|Any CPU
		{44123C56-4495-4E24-AE4B-4BED8F85AAB8}.Debug|ARM.ActiveCfg = Debug|Any CPU
		{44123C56-4495-4E24-AE4B-4BED8F85AAB8}.Debug|ARM.Build.0 = Debug|Any CPU
		{44123C56-4495-4E24-AE4B-4BED8F85AAB8}.Debug|ARM64.ActiveCfg = Debug|Any CPU
		{44123C56-4495-4E24-AE4B-4BED8F85AAB8}.Debug|ARM64.Build.0 = Debug|Any CPU
		{44123C56-4495-4E24-AE4B-4BED8F85AAB8}.Debug|x64.ActiveCfg = Debug|Any CPU
		{44123C56-4495-4E24-AE4B-4BED8F85AAB8}.Debug|x64.Build.0 = Debug|Any CPU
		{44123C56-4495-4E24-AE4B-4BED8F85AAB8}.Debug|x86.ActiveCfg = Debug|Any CPU
		{44123C56-4495-4E24-AE4B-4BED8F85AAB8}.Debug|x86.Build.0 = Debug|Any CPU
		{44123C56-4495-4E24-AE4B-4BED8F85AAB8}.Release|Any CPU.ActiveCfg = Release|Any CPU
		{44123C56-4495-4E24-AE4B-4BED8F85AAB8}.Release|Any CPU.Build.0 = Release|Any CPU
		{44123C56-4495-4E24-AE4B-4BED8F85AAB8}.Release|ARM.ActiveCfg = Release|Any CPU
		{44123C56-4495-4E24-AE4B-4BED8F85AAB8}.Release|ARM.Build.0 = Release|Any CPU
		{44123C56-4495-4E24-AE4B-4BED8F85AAB8}.Release|ARM64.ActiveCfg = Release|Any CPU
		{44123C56-4495-4E24-AE4B-4BED8F85AAB8}.Release|ARM64.Build.0 = Release|Any CPU
		{44123C56-4495-4E24-AE4B-4BED8F85AAB8}.Release|x64.ActiveCfg = Release|Any CPU
		{44123C56-4495-4E24-AE4B-4BED8F85AAB8}.Release|x64.Build.0 = Release|Any CPU
		{44123C56-4495-4E24-AE4B-4BED8F85AAB8}.Release|x86.ActiveCfg = Release|Any CPU
		{44123C56-4495-4E24-AE4B-4BED8F85AAB8}.Release|x86.Build.0 = Release|Any CPU
		{914D2B61-1CC0-4115-90C9-55ACB368C7BB}.Debug|Any CPU.ActiveCfg = Debug|Any CPU
		{914D2B61-1CC0-4115-90C9-55ACB368C7BB}.Debug|Any CPU.Build.0 = Debug|Any CPU
		{914D2B61-1CC0-4115-90C9-55ACB368C7BB}.Debug|ARM.ActiveCfg = Debug|Any CPU
		{914D2B61-1CC0-4115-90C9-55ACB368C7BB}.Debug|ARM.Build.0 = Debug|Any CPU
		{914D2B61-1CC0-4115-90C9-55ACB368C7BB}.Debug|ARM64.ActiveCfg = Debug|Any CPU
		{914D2B61-1CC0-4115-90C9-55ACB368C7BB}.Debug|ARM64.Build.0 = Debug|Any CPU
		{914D2B61-1CC0-4115-90C9-55ACB368C7BB}.Debug|x64.ActiveCfg = Debug|Any CPU
		{914D2B61-1CC0-4115-90C9-55ACB368C7BB}.Debug|x64.Build.0 = Debug|Any CPU
		{914D2B61-1CC0-4115-90C9-55ACB368C7BB}.Debug|x86.ActiveCfg = Debug|Any CPU
		{914D2B61-1CC0-4115-90C9-55ACB368C7BB}.Debug|x86.Build.0 = Debug|Any CPU
		{914D2B61-1CC0-4115-90C9-55ACB368C7BB}.Release|Any CPU.ActiveCfg = Release|Any CPU
		{914D2B61-1CC0-4115-90C9-55ACB368C7BB}.Release|Any CPU.Build.0 = Release|Any CPU
		{914D2B61-1CC0-4115-90C9-55ACB368C7BB}.Release|ARM.ActiveCfg = Release|Any CPU
		{914D2B61-1CC0-4115-90C9-55ACB368C7BB}.Release|ARM.Build.0 = Release|Any CPU
		{914D2B61-1CC0-4115-90C9-55ACB368C7BB}.Release|ARM64.ActiveCfg = Release|Any CPU
		{914D2B61-1CC0-4115-90C9-55ACB368C7BB}.Release|ARM64.Build.0 = Release|Any CPU
		{914D2B61-1CC0-4115-90C9-55ACB368C7BB}.Release|x64.ActiveCfg = Release|Any CPU
		{914D2B61-1CC0-4115-90C9-55ACB368C7BB}.Release|x64.Build.0 = Release|Any CPU
		{914D2B61-1CC0-4115-90C9-55ACB368C7BB}.Release|x86.ActiveCfg = Release|Any CPU
		{914D2B61-1CC0-4115-90C9-55ACB368C7BB}.Release|x86.Build.0 = Release|Any CPU
		{96CE3C39-D126-4BB5-B1C4-F7567A401B44}.Debug|Any CPU.ActiveCfg = Debug|Any CPU
		{96CE3C39-D126-4BB5-B1C4-F7567A401B44}.Debug|Any CPU.Build.0 = Debug|Any CPU
		{96CE3C39-D126-4BB5-B1C4-F7567A401B44}.Debug|ARM.ActiveCfg = Debug|Any CPU
		{96CE3C39-D126-4BB5-B1C4-F7567A401B44}.Debug|ARM.Build.0 = Debug|Any CPU
		{96CE3C39-D126-4BB5-B1C4-F7567A401B44}.Debug|ARM64.ActiveCfg = Debug|Any CPU
		{96CE3C39-D126-4BB5-B1C4-F7567A401B44}.Debug|ARM64.Build.0 = Debug|Any CPU
		{96CE3C39-D126-4BB5-B1C4-F7567A401B44}.Debug|x64.ActiveCfg = Debug|Any CPU
		{96CE3C39-D126-4BB5-B1C4-F7567A401B44}.Debug|x64.Build.0 = Debug|Any CPU
		{96CE3C39-D126-4BB5-B1C4-F7567A401B44}.Debug|x86.ActiveCfg = Debug|Any CPU
		{96CE3C39-D126-4BB5-B1C4-F7567A401B44}.Debug|x86.Build.0 = Debug|Any CPU
		{96CE3C39-D126-4BB5-B1C4-F7567A401B44}.Release|Any CPU.ActiveCfg = Release|Any CPU
		{96CE3C39-D126-4BB5-B1C4-F7567A401B44}.Release|Any CPU.Build.0 = Release|Any CPU
		{96CE3C39-D126-4BB5-B1C4-F7567A401B44}.Release|ARM.ActiveCfg = Release|Any CPU
		{96CE3C39-D126-4BB5-B1C4-F7567A401B44}.Release|ARM.Build.0 = Release|Any CPU
		{96CE3C39-D126-4BB5-B1C4-F7567A401B44}.Release|ARM64.ActiveCfg = Release|Any CPU
		{96CE3C39-D126-4BB5-B1C4-F7567A401B44}.Release|ARM64.Build.0 = Release|Any CPU
		{96CE3C39-D126-4BB5-B1C4-F7567A401B44}.Release|x64.ActiveCfg = Release|Any CPU
		{96CE3C39-D126-4BB5-B1C4-F7567A401B44}.Release|x64.Build.0 = Release|Any CPU
		{96CE3C39-D126-4BB5-B1C4-F7567A401B44}.Release|x86.ActiveCfg = Release|Any CPU
		{96CE3C39-D126-4BB5-B1C4-F7567A401B44}.Release|x86.Build.0 = Release|Any CPU
		{592176E1-963A-4CA5-A084-728FF70CA6AD}.Debug|Any CPU.ActiveCfg = Debug|Any CPU
		{592176E1-963A-4CA5-A084-728FF70CA6AD}.Debug|Any CPU.Build.0 = Debug|Any CPU
		{592176E1-963A-4CA5-A084-728FF70CA6AD}.Debug|ARM.ActiveCfg = Debug|Any CPU
		{592176E1-963A-4CA5-A084-728FF70CA6AD}.Debug|ARM.Build.0 = Debug|Any CPU
		{592176E1-963A-4CA5-A084-728FF70CA6AD}.Debug|ARM64.ActiveCfg = Debug|Any CPU
		{592176E1-963A-4CA5-A084-728FF70CA6AD}.Debug|ARM64.Build.0 = Debug|Any CPU
		{592176E1-963A-4CA5-A084-728FF70CA6AD}.Debug|x64.ActiveCfg = Debug|Any CPU
		{592176E1-963A-4CA5-A084-728FF70CA6AD}.Debug|x64.Build.0 = Debug|Any CPU
		{592176E1-963A-4CA5-A084-728FF70CA6AD}.Debug|x86.ActiveCfg = Debug|Any CPU
		{592176E1-963A-4CA5-A084-728FF70CA6AD}.Debug|x86.Build.0 = Debug|Any CPU
		{592176E1-963A-4CA5-A084-728FF70CA6AD}.Release|Any CPU.ActiveCfg = Release|Any CPU
		{592176E1-963A-4CA5-A084-728FF70CA6AD}.Release|Any CPU.Build.0 = Release|Any CPU
		{592176E1-963A-4CA5-A084-728FF70CA6AD}.Release|ARM.ActiveCfg = Release|Any CPU
		{592176E1-963A-4CA5-A084-728FF70CA6AD}.Release|ARM.Build.0 = Release|Any CPU
		{592176E1-963A-4CA5-A084-728FF70CA6AD}.Release|ARM64.ActiveCfg = Release|Any CPU
		{592176E1-963A-4CA5-A084-728FF70CA6AD}.Release|ARM64.Build.0 = Release|Any CPU
		{592176E1-963A-4CA5-A084-728FF70CA6AD}.Release|x64.ActiveCfg = Release|Any CPU
		{592176E1-963A-4CA5-A084-728FF70CA6AD}.Release|x64.Build.0 = Release|Any CPU
		{592176E1-963A-4CA5-A084-728FF70CA6AD}.Release|x86.ActiveCfg = Release|Any CPU
		{592176E1-963A-4CA5-A084-728FF70CA6AD}.Release|x86.Build.0 = Release|Any CPU
	EndGlobalSection
	GlobalSection(SolutionProperties) = preSolution
		HideSolutionNode = FALSE
	EndGlobalSection
	GlobalSection(NestedProjects) = preSolution
		{73284691-BCCF-45D4-BA82-BB6678E04913} = {15A67AA3-A64C-44E2-94C2-89BD31A37887}
		{8A725DDB-1929-47BD-AF2C-613C01045F4D} = {C5C80EBA-6F84-4424-8BF1-C9520CB17DFB}
		{6D809087-6AC6-4582-B518-E14E2B3CC064} = {15A67AA3-A64C-44E2-94C2-89BD31A37887}
		{4F62CDED-DA09-4605-9378-D821FF5E6310} = {92FA7F22-1584-4118-AD24-8B94AD02E972}
		{44123C56-4495-4E24-AE4B-4BED8F85AAB8} = {92FA7F22-1584-4118-AD24-8B94AD02E972}
		{914D2B61-1CC0-4115-90C9-55ACB368C7BB} = {24CA2DC3-A5A2-4DFC-9538-2A586A3FC1CE}
		{96CE3C39-D126-4BB5-B1C4-F7567A401B44} = {24CA2DC3-A5A2-4DFC-9538-2A586A3FC1CE}
	EndGlobalSection
	GlobalSection(ExtensibilityGlobals) = postSolution
		SolutionGuid = {BA4DB376-7025-4AA3-892E-519EC9C1CF1F}
	EndGlobalSection
EndGlobal
